{
  "version": 4,
  "terraform_version": "0.14.8",
  "serial": 6,
  "lineage": "5a820b53-9f48-9f8f-200d-844dba8cc239",
  "outputs": {
    "kubernetes_cluster_host": {
      "value": "34.75.233.124",
      "type": "string"
    },
    "kubernetes_cluster_name": {
      "value": "annular-arena-247212-gke",
      "type": "string"
    },
    "project_id": {
      "value": "annular-arena-247212",
      "type": "string"
    },
    "region": {
      "value": "us-east1",
      "type": "string"
    }
  },
  "resources": [
    {
      "mode": "managed",
      "type": "google_compute_network",
      "name": "vpc",
      "provider": "provider[\"registry.terraform.io/hashicorp/google\"]",
      "instances": [
        {
          "schema_version": 0,
          "attributes": {
            "auto_create_subnetworks": false,
            "delete_default_routes_on_create": false,
            "description": "",
            "gateway_ipv4": "",
            "id": "projects/annular-arena-247212/global/networks/annular-arena-247212-vpc",
            "mtu": 0,
            "name": "annular-arena-247212-vpc",
            "project": "annular-arena-247212",
            "routing_mode": "REGIONAL",
            "self_link": "https://www.googleapis.com/compute/v1/projects/annular-arena-247212/global/networks/annular-arena-247212-vpc",
            "timeouts": null
          },
          "sensitive_attributes": [],
          "private": "eyJlMmJmYjczMC1lY2FhLTExZTYtOGY4OC0zNDM2M2JjN2M0YzAiOnsiY3JlYXRlIjoyNDAwMDAwMDAwMDAsImRlbGV0ZSI6MjQwMDAwMDAwMDAwLCJ1cGRhdGUiOjI0MDAwMDAwMDAwMH19"
        }
      ]
    },
    {
      "mode": "managed",
      "type": "google_compute_subnetwork",
      "name": "subnet",
      "provider": "provider[\"registry.terraform.io/hashicorp/google\"]",
      "instances": [
        {
          "schema_version": 0,
          "attributes": {
            "creation_timestamp": "2021-03-21T06:37:15.614-07:00",
            "description": "",
            "fingerprint": null,
            "gateway_address": "10.10.0.1",
            "id": "projects/annular-arena-247212/regions/us-east1/subnetworks/annular-arena-247212-subnet",
            "ip_cidr_range": "10.10.0.0/24",
            "log_config": [],
            "name": "annular-arena-247212-subnet",
            "network": "https://www.googleapis.com/compute/v1/projects/annular-arena-247212/global/networks/annular-arena-247212-vpc",
            "private_ip_google_access": false,
            "private_ipv6_google_access": "DISABLE_GOOGLE_ACCESS",
            "project": "annular-arena-247212",
            "region": "us-east1",
            "secondary_ip_range": [],
            "self_link": "https://www.googleapis.com/compute/v1/projects/annular-arena-247212/regions/us-east1/subnetworks/annular-arena-247212-subnet",
            "timeouts": null
          },
          "sensitive_attributes": [],
          "private": "eyJlMmJmYjczMC1lY2FhLTExZTYtOGY4OC0zNDM2M2JjN2M0YzAiOnsiY3JlYXRlIjozNjAwMDAwMDAwMDAsImRlbGV0ZSI6MzYwMDAwMDAwMDAwLCJ1cGRhdGUiOjM2MDAwMDAwMDAwMH19",
          "dependencies": [
            "google_compute_network.vpc"
          ]
        }
      ]
    },
    {
      "mode": "managed",
      "type": "google_container_cluster",
      "name": "primary",
      "provider": "provider[\"registry.terraform.io/hashicorp/google\"]",
      "instances": [
        {
          "schema_version": 1,
          "attributes": {
            "addons_config": [
              {
                "cloudrun_config": [],
                "horizontal_pod_autoscaling": [],
                "http_load_balancing": [],
                "network_policy_config": [
                  {
                    "disabled": true
                  }
                ]
              }
            ],
            "authenticator_groups_config": [],
            "cluster_autoscaling": [
              {
                "auto_provisioning_defaults": [],
                "enabled": false,
                "resource_limits": []
              }
            ],
            "cluster_ipv4_cidr": "10.148.0.0/14",
            "database_encryption": [
              {
                "key_name": "",
                "state": "DECRYPTED"
              }
            ],
            "default_max_pods_per_node": null,
            "description": "",
            "enable_binary_authorization": false,
            "enable_intranode_visibility": null,
            "enable_kubernetes_alpha": false,
            "enable_legacy_abac": false,
            "enable_shielded_nodes": false,
            "enable_tpu": null,
            "endpoint": "34.75.233.124",
            "id": "projects/annular-arena-247212/locations/us-east1/clusters/annular-arena-247212-gke",
            "initial_node_count": 1,
            "instance_group_urls": [],
            "ip_allocation_policy": [],
            "label_fingerprint": "a9dc16a7",
            "location": "us-east1",
            "logging_service": "logging.googleapis.com/kubernetes",
            "maintenance_policy": [],
            "master_auth": [
              {
                "client_certificate": "",
                "client_certificate_config": [
                  {
                    "issue_client_certificate": false
                  }
                ],
                "client_key": "",
                "cluster_ca_certificate": "LS0tLS1CRUdJTiBDRVJUSUZJQ0FURS0tLS0tCk1JSURLekNDQWhPZ0F3SUJBZ0lSQVBqYzlaK2ZQMklkdTBkNllmRXZMTkl3RFFZSktvWklodmNOQVFFTEJRQXcKTHpFdE1Dc0dBMVVFQXhNa00ySXhaVEk1TmprdE16RmpNeTAwWTJWbExXSXlNakF0TWprNFkyVXhNMlJqWkdJMwpNQjRYRFRJeE1ETXlNVEV5TXpjek4xb1hEVEkyTURNeU1ERXpNemN6TjFvd0x6RXRNQ3NHQTFVRUF4TWtNMkl4ClpUSTVOamt0TXpGak15MDBZMlZsTFdJeU1qQXRNams0WTJVeE0yUmpaR0kzTUlJQklqQU5CZ2txaGtpRzl3MEIKQVFFRkFBT0NBUThBTUlJQkNnS0NBUUVBejNzQlV5SitidW16MTJORGJ6ZEJRUms2bWVNbmMrZ21rdnJta095SQpLeVZOTElDeFpFWjZwcE9PUnp2QlFmL2s2WHhwT2U0emRiQlQ5K1RtZ2xyMnJRRjU1b3h2UHdlbmhrOHhjRnErClFESEE3YTB4Sk1HN0F3TXNPekpLNHJtdUxoTWoyb1doMmlDRGNGbTFhc1I5VExWK3RjUDY2b25LTm5Uek94NTkKYklBa201UFFDT01qVGNrK0NwbFZYaWZZK0dTa0oxYi9UWW9VVS82cnFpVTBVSTc2WmpoMUg2eDIyWUpkSFNuSgpFdVFsOThCV1N1UGF3aytDSnVZcXdwTFd6TG9jVHpYNHE1NUROY3VQbER4MU16SHEzMjZ1bXl5TFdmbEd6VVpJCmYrdkZwTExjdzFiZ2ZPcmFjM3N4VitaZjFyZUg2YWJ6SHUvM0lYK21jTFZlRFFJREFRQUJvMEl3UURBT0JnTlYKSFE4QkFmOEVCQU1DQWdRd0R3WURWUjBUQVFIL0JBVXdBd0VCL3pBZEJnTlZIUTRFRmdRVUN3TVpmdzhQMkZNawp6QTJWNllzV044VVVCeXN3RFFZSktvWklodmNOQVFFTEJRQURnZ0VCQUJmUEtLYVRYM0dRbWJ2bjNDZGY5WmliCjV6UDVRRWxuUXVrRmk4Vy9VZUY3SmowUDh2TGpBZ1A3LzJKMGFrVUxDdXRGeGFScUt3bjc3ejQrOVpGRTFuQWYKZitGZkNwV2FFWnc1Mk9nNzFJN0pEYWpPRUpzK0YyUTBIamVIR2tJL1pXak9CNzBCbEFQSjVDbUdVdnJYblgxQwo4SjhXMXlMam52S01aako2L0x6cSt4dGE1SDhaRmp5QmRrdlYrd1lKZ0lPbTN2QUN3SXAvRzRLUlg1OXFpVktvCldQa2RqajY0L2NKL3NWdDJpNXJNRlBEanpyWWNGQ0pYUCtocmI5aHh1Sjh0TmlJOVZna2tYUzBVamtkQ1BkVXoKMzJmQVBTaFh2enNKTFZUcVB4MFdRTXpITU4yalhCdllVQThLWjkvZ3cxVlpib2x3MnIxSjV2NjN4Vmozbk9RPQotLS0tLUVORCBDRVJUSUZJQ0FURS0tLS0tCg==",
                "password": "",
                "username": ""
              }
            ],
            "master_authorized_networks_config": [],
            "master_version": "1.18.15-gke.1501",
            "min_master_version": null,
            "monitoring_service": "monitoring.googleapis.com/kubernetes",
            "name": "annular-arena-247212-gke",
            "network": "projects/annular-arena-247212/global/networks/annular-arena-247212-vpc",
            "network_policy": [
              {
                "enabled": false,
                "provider": "PROVIDER_UNSPECIFIED"
              }
            ],
            "node_config": [],
            "node_locations": [
              "us-east1-b",
              "us-east1-c",
              "us-east1-d"
            ],
            "node_pool": [],
            "node_version": "1.18.15-gke.1501",
            "operation": null,
            "pod_security_policy_config": [],
            "private_cluster_config": [],
            "project": "annular-arena-247212",
            "release_channel": [
              {
                "channel": "REGULAR"
              }
            ],
            "remove_default_node_pool": true,
            "resource_labels": null,
            "resource_usage_export_config": [],
            "self_link": "https://container.googleapis.com/v1beta1/projects/annular-arena-247212/locations/us-east1/clusters/annular-arena-247212-gke",
            "services_ipv4_cidr": "10.151.240.0/20",
            "subnetwork": "projects/annular-arena-247212/regions/us-east1/subnetworks/annular-arena-247212-subnet",
            "timeouts": null,
            "vertical_pod_autoscaling": [],
            "workload_identity_config": []
          },
          "sensitive_attributes": [],
          "private": "eyJlMmJmYjczMC1lY2FhLTExZTYtOGY4OC0zNDM2M2JjN2M0YzAiOnsiY3JlYXRlIjoyNDAwMDAwMDAwMDAwLCJkZWxldGUiOjI0MDAwMDAwMDAwMDAsInJlYWQiOjI0MDAwMDAwMDAwMDAsInVwZGF0ZSI6MzYwMDAwMDAwMDAwMH0sInNjaGVtYV92ZXJzaW9uIjoiMSJ9",
          "dependencies": [
            "google_compute_network.vpc",
            "google_compute_subnetwork.subnet"
          ]
        }
      ]
    },
    {
      "mode": "managed",
      "type": "google_container_node_pool",
      "name": "primary_nodes",
      "provider": "provider[\"registry.terraform.io/hashicorp/google\"]",
      "instances": [
        {
          "schema_version": 1,
          "attributes": {
            "autoscaling": [],
            "cluster": "annular-arena-247212-gke",
            "id": "projects/annular-arena-247212/locations/us-east1/clusters/annular-arena-247212-gke/nodePools/annular-arena-247212-gke-node-pool",
            "initial_node_count": 2,
            "instance_group_urls": [
              "https://www.googleapis.com/compute/v1/projects/annular-arena-247212/zones/us-east1-d/instanceGroupManagers/gke-annular-arena-24-annular-arena-24-108e7c5c-grp",
              "https://www.googleapis.com/compute/v1/projects/annular-arena-247212/zones/us-east1-b/instanceGroupManagers/gke-annular-arena-24-annular-arena-24-c8353562-grp",
              "https://www.googleapis.com/compute/v1/projects/annular-arena-247212/zones/us-east1-c/instanceGroupManagers/gke-annular-arena-24-annular-arena-24-18bbd4ea-grp"
            ],
            "location": "us-east1",
            "management": [
              {
                "auto_repair": true,
                "auto_upgrade": true
              }
            ],
            "max_pods_per_node": null,
            "name": "annular-arena-247212-gke-node-pool",
            "name_prefix": "",
            "node_config": [
              {
                "disk_size_gb": 100,
                "disk_type": "pd-standard",
                "guest_accelerator": [],
                "image_type": "COS",
                "labels": {
                  "env": "annular-arena-247212"
                },
                "local_ssd_count": 0,
                "machine_type": "n1-standard-1",
                "metadata": {
                  "disable-legacy-endpoints": "true"
                },
                "min_cpu_platform": "",
                "oauth_scopes": [
                  "https://www.googleapis.com/auth/logging.write",
                  "https://www.googleapis.com/auth/monitoring"
                ],
                "preemptible": false,
                "service_account": "default",
                "shielded_instance_config": [
                  {
                    "enable_integrity_monitoring": true,
                    "enable_secure_boot": false
                  }
                ],
                "tags": [
                  "gke-node",
                  "annular-arena-247212-gke"
                ],
                "taint": [],
                "workload_metadata_config": []
              }
            ],
            "node_count": 2,
            "node_locations": [
              "us-east1-b",
              "us-east1-c",
              "us-east1-d"
            ],
            "project": "annular-arena-247212",
            "timeouts": null,
            "upgrade_settings": [
              {
                "max_surge": 1,
                "max_unavailable": 0
              }
            ],
            "version": "1.18.15-gke.1501"
          },
          "sensitive_attributes": [],
          "private": "eyJlMmJmYjczMC1lY2FhLTExZTYtOGY4OC0zNDM2M2JjN2M0YzAiOnsiY3JlYXRlIjoxODAwMDAwMDAwMDAwLCJkZWxldGUiOjE4MDAwMDAwMDAwMDAsInVwZGF0ZSI6MTgwMDAwMDAwMDAwMH0sInNjaGVtYV92ZXJzaW9uIjoiMSJ9",
          "dependencies": [
            "google_compute_network.vpc",
            "google_compute_subnetwork.subnet",
            "google_container_cluster.primary"
          ]
        }
      ]
    }
  ]
}
